
Microsoft Visual Studio Solution File, Format Version 12.00
# Visual Studio Version 16
VisualStudioVersion = 16.0.32413.511
MinimumVisualStudioVersion = 10.0.40219.1
Project("{FAE04EC0-301F-11D3-BF4B-00C04F79EFBC}") = "HomeWork3", "HomeWork3\HomeWork3.csproj", "{61841D30-0204-4A5E-B290-2DAF6410CFA2}"
EndProject
Project("{FAE04EC0-301F-11D3-BF4B-00C04F79EFBC}") = "BlackJack", "BlackJack\BlackJack.csproj", "{239C7F2E-11E6-4812-A987-27DE420DA9A6}"
EndProject
Project("{FAE04EC0-301F-11D3-BF4B-00C04F79EFBC}") = "SimpleNumber", "SimpleNumber\SimpleNumber.csproj", "{2F08B74A-27F0-43B3-B50E-E69AF1C012BF}"
EndProject
Global
	GlobalSection(SolutionConfigurationPlatforms) = preSolution
		Debug|Any CPU = Debug|Any CPU
		Release|Any CPU = Release|Any CPU
	EndGlobalSection
	GlobalSection(ProjectConfigurationPlatforms) = postSolution
		{61841D30-0204-4A5E-B290-2DAF6410CFA2}.Debug|Any CPU.ActiveCfg = Debug|Any CPU
		{61841D30-0204-4A5E-B290-2DAF6410CFA2}.Debug|Any CPU.Build.0 = Debug|Any CPU
		{61841D30-0204-4A5E-B290-2DAF6410CFA2}.Release|Any CPU.ActiveCfg = Release|Any CPU
		{61841D30-0204-4A5E-B290-2DAF6410CFA2}.Release|Any CPU.Build.0 = Release|Any CPU
		{239C7F2E-11E6-4812-A987-27DE420DA9A6}.Debug|Any CPU.ActiveCfg = Debug|Any CPU
		{239C7F2E-11E6-4812-A987-27DE420DA9A6}.Debug|Any CPU.Build.0 = Debug|Any CPU
		{239C7F2E-11E6-4812-A987-27DE420DA9A6}.Release|Any CPU.ActiveCfg = Release|Any CPU
		{239C7F2E-11E6-4812-A987-27DE420DA9A6}.Release|Any CPU.Build.0 = Release|Any CPU
		{2F08B74A-27F0-43B3-B50E-E69AF1C012BF}.Debug|Any CPU.ActiveCfg = Debug|Any CPU
		{2F08B74A-27F0-43B3-B50E-E69AF1C012BF}.Debug|Any CPU.Build.0 = Debug|Any CPU
		{2F08B74A-27F0-43B3-B50E-E69AF1C012BF}.Release|Any CPU.ActiveCfg = Release|Any CPU
		{2F08B74A-27F0-43B3-B50E-E69AF1C012BF}.Release|Any CPU.Build.0 = Release|Any CPU
	EndGlobalSection
	GlobalSection(SolutionProperties) = preSolution
		HideSolutionNode = FALSE
	EndGlobalSection
	GlobalSection(ExtensibilityGlobals) = postSolution
		SolutionGuid = {27538B1F-498F-4165-BCBB-35F523B1CD17}
	EndGlobalSection
EndGlobal
